{
  "name": "memoryleak",
  "version": "1.0.0",
  "lockfileVersion": 1,
  "requires": true,
  "dependencies": {
    "heapdump": {
      "version": "0.3.15",
      "resolved": "https://registry.npm.taobao.org/heapdump/download/heapdump-0.3.15.tgz",
      "integrity": "sha1-YxqKJYVYjqZHeNjsgKZMbAJfagg=",
      "requires": {
        "nan": "^2.13.2"
      }
    },
    "jquery": {
      "version": "3.5.1",
      "resolved": "https://registry.npm.taobao.org/jquery/download/jquery-3.5.1.tgz",
      "integrity": "sha1-17TQjhv9uGrS8aPQOeoXMEcXq7U="
    },
    "nan": {
      "version": "2.14.1",
      "resolved": "https://registry.npm.taobao.org/nan/download/nan-2.14.1.tgz?cache=0&sync_timestamp=1587496292610&other_urls=https%3A%2F%2Fregistry.npm.taobao.org%2Fnan%2Fdownload%2Fnan-2.14.1.tgz",
      "integrity": "sha1-174036MQW5FJTDFHCJMV7/iHSwE="
    }
  }
}
